PODS:
  - Alamofire (5.4.0)
  - AMScrollingNavbar (5.7.3)
  - AwesomeCache (5.0)
  - DeviceKit (4.5.0)
  - Differentiator (4.0.1)
  - ESTabBarController-swift (2.8.0)
  - GRDB.swift (5.7.4):
    - GRDB.swift/standard (= 5.7.4)
  - GRDB.swift/standard (5.7.4)
  - Hue (5.0.0)
  - JXSegmentedView (1.2.7)
  - Kingfisher (6.3.1)
  - LookinServer (1.0.4)
  - MJRefresh (3.7.2)
  - Moya (14.0.0):
    - Moya/Core (= 14.0.0)
  - Moya/Core (14.0.0):
    - Alamofire (~> 5.0)
  - Moya/RxSwift (14.0.0):
    - Moya/Core
    - RxSwift (~> 5.0)
  - NewPopMenu (2.1.2)
  - "NSObject+Rx (5.1.0)":
    - RxSwift (~> 5.1)
  - ObjectMapper (4.2.0)
  - PromiseKit (6.13.1):
    - PromiseKit/CorePromise (= 6.13.1)
    - PromiseKit/Foundation (= 6.13.1)
    - PromiseKit/UIKit (= 6.13.1)
  - PromiseKit/CorePromise (6.13.1)
  - PromiseKit/Foundation (6.13.1):
    - PromiseKit/CorePromise
  - PromiseKit/UIKit (6.13.1):
    - PromiseKit/CorePromise
  - Reusable (4.1.1):
    - Reusable/Storyboard (= 4.1.1)
    - Reusable/View (= 4.1.1)
  - Reusable/Storyboard (4.1.1)
  - Reusable/View (4.1.1)
  - RxAlamofire (5.5.0):
    - RxAlamofire/Core (= 5.5.0)
  - RxAlamofire/Core (5.5.0):
    - Alamofire (~> 5.1)
    - RxSwift (~> 5.1)
  - RxBlocking (5.1.1):
    - RxSwift (~> 5)
  - RxCocoa (5.1.1):
    - RxRelay (~> 5)
    - RxSwift (~> 5)
  - RxDataSources (4.0.1):
    - Differentiator (~> 4.0)
    - RxCocoa (~> 5.0)
    - RxSwift (~> 5.0)
  - RxRelay (5.1.1):
    - RxSwift (~> 5)
  - RxSwift (5.1.1)
  - SnapKit (5.0.1)
  - ZFPlayer (4.0.1):
    - ZFPlayer/Core (= 4.0.1)
  - ZFPlayer/AVPlayer (4.0.1):
    - ZFPlayer/Core
  - ZFPlayer/ControlView (4.0.1):
    - ZFPlayer/Core
  - ZFPlayer/Core (4.0.1)

DEPENDENCIES:
  - AMScrollingNavbar
  - AwesomeCache (~> 5.0)
  - DeviceKit (~> 4.5.0)
  - ESTabBarController-swift
  - GRDB.swift
  - Hue
  - JXSegmentedView
  - Kingfisher (~> 6.3.1)
  - LookinServer
  - MJRefresh
  - Moya (~> 14.0.0)
  - Moya/RxSwift (~> 14.0.0)
  - NewPopMenu (~> 2.1.2)
  - "NSObject+Rx (~> 5.1.0)"
  - ObjectMapper (~> 4.2.0)
  - PromiseKit
  - Reusable
  - RxAlamofire (~> 5.5.0)
  - RxBlocking (~> 5.1.1)
  - RxCocoa (~> 5.1.1)
  - RxDataSources
  - RxSwift (~> 5.1.1)
  - SnapKit
  - ZFPlayer (~> 4.0.1)
  - ZFPlayer/AVPlayer (~> 4.0.1)
  - ZFPlayer/ControlView (~> 4.0.1)

SPEC REPOS:
  trunk:
    - Alamofire
    - AMScrollingNavbar
    - AwesomeCache
    - DeviceKit
    - Differentiator
    - ESTabBarController-swift
    - GRDB.swift
    - Hue
    - JXSegmentedView
    - Kingfisher
    - LookinServer
    - MJRefresh
    - Moya
    - NewPopMenu
    - "NSObject+Rx"
    - ObjectMapper
    - PromiseKit
    - Reusable
    - RxAlamofire
    - RxBlocking
    - RxCocoa
    - RxDataSources
    - RxRelay
    - RxSwift
    - SnapKit
    - ZFPlayer

SPEC CHECKSUMS:
  Alamofire: 3b6a534a3df22db367e4dedeeca73d1ddfcf0e2f
  AMScrollingNavbar: c3d120e0dbcc5bcff988a7058bd9d99e1ff908b5
  AwesomeCache: d8906955242173357caa0be0214d5e77dec32cc5
  DeviceKit: b68cded46afdaefc5d2253d631d441ba7049a7fe
  Differentiator: 886080237d9f87f322641dedbc5be257061b0602
  ESTabBarController-swift: 05593a6ad64700b03c0eb60ff625916370aa4136
  GRDB.swift: 2064e726141f130d0b8bd819b29086f2b1157597
  Hue: c129cb67be7d093a82bbbc30ce8a96757bf6f37a
  JXSegmentedView: eb1cad21f57c2543c00c3e08b8fd3c7ca54f5acd
  Kingfisher: 016c8b653a35add51dd34a3aba36b580041acc74
  LookinServer: 743c1681771d0a8dcc38825325a080c3186404a5
  MJRefresh: 30997d30b347c8e9508a4db11e3a690da0c9b85a
  Moya: 5b45dacb75adb009f97fde91c204c1e565d31916
  NewPopMenu: c6129e08e8192f6257ceb5f9a4357e1b59c6e2e7
  "NSObject+Rx": fa6bbcc1ab1faa06b01466bc09b1e0692bbc5946
  ObjectMapper: 1eb41f610210777375fa806bf161dc39fb832b81
  PromiseKit: 28fda91c973cc377875d8c0ea4f973013c05b6db
  Reusable: 53a9acf5c536f229b31b5865782414b508252ddb
  RxAlamofire: 22287c710761466d0123504c566a8381520d4d63
  RxBlocking: 5f700a78cad61ce253ebd37c9a39b5ccc76477b4
  RxCocoa: 32065309a38d29b5b0db858819b5bf9ef038b601
  RxDataSources: efee07fa4de48477eca0a4611e6d11e2da9c1114
  RxRelay: d77f7d771495f43c556cbc43eebd1bb54d01e8e9
  RxSwift: 81470a2074fa8780320ea5fe4102807cb7118178
  SnapKit: 97b92857e3df3a0c71833cce143274bf6ef8e5eb
  ZFPlayer: f88787c815f7b0801279c42f131a89e2823e669e

PODFILE CHECKSUM: 308eafefe06fb7ddc7c6979e172f608774434a6a

COCOAPODS: 1.10.2
